
Microsoft Visual Studio Solution File, Format Version 12.00
# Visual Studio Version 17
VisualStudioVersion = 17.10.35013.160
MinimumVisualStudioVersion = 10.0.40219.1
Project("{9A19103F-16F7-4668-BE54-9A1E7A4F7556}") = "FrontEnd", "FrontEnd\FrontEnd.csproj", "{8822FCFD-B7B7-4A56-8397-5457776630BA}"
EndProject
Project("{9A19103F-16F7-4668-BE54-9A1E7A4F7556}") = "BackEnd", "BackEnd\BackEnd.csproj", "{0A913BA0-BF73-4FF7-BA6A-7CF3806BF276}"
EndProject
Global
	GlobalSection(SolutionConfigurationPlatforms) = preSolution
		Debug|Any CPU = Debug|Any CPU
		Release|Any CPU = Release|Any CPU
	EndGlobalSection
	GlobalSection(ProjectConfigurationPlatforms) = postSolution
		{8822FCFD-B7B7-4A56-8397-5457776630BA}.Debug|Any CPU.ActiveCfg = Debug|Any CPU
		{8822FCFD-B7B7-4A56-8397-5457776630BA}.Debug|Any CPU.Build.0 = Debug|Any CPU
		{8822FCFD-B7B7-4A56-8397-5457776630BA}.Release|Any CPU.ActiveCfg = Release|Any CPU
		{8822FCFD-B7B7-4A56-8397-5457776630BA}.Release|Any CPU.Build.0 = Release|Any CPU
		{0A913BA0-BF73-4FF7-BA6A-7CF3806BF276}.Debug|Any CPU.ActiveCfg = Debug|Any CPU
		{0A913BA0-BF73-4FF7-BA6A-7CF3806BF276}.Debug|Any CPU.Build.0 = Debug|Any CPU
		{0A913BA0-BF73-4FF7-BA6A-7CF3806BF276}.Release|Any CPU.ActiveCfg = Release|Any CPU
		{0A913BA0-BF73-4FF7-BA6A-7CF3806BF276}.Release|Any CPU.Build.0 = Release|Any CPU
	EndGlobalSection
	GlobalSection(SolutionProperties) = preSolution
		HideSolutionNode = FALSE
	EndGlobalSection
	GlobalSection(ExtensibilityGlobals) = postSolution
		SolutionGuid = {7888988A-9054-4966-8FD7-1542F869602E}
	EndGlobalSection
EndGlobal
